
Microsoft Visual Studio Solution File, Format Version 12.00
# Visual Studio 15
VisualStudioVersion = 15.0.27004.2009
MinimumVisualStudioVersion = 10.0.40219.1
Project("{8BC9CEB8-8B4A-11D0-8D11-00A0C91BC942}") = "DivisionEngine", "DivisionEngine\DivisionEngine.vcxproj", "{106B8291-356B-4ADE-9BB2-A732E7703F9C}"
EndProject
Project("{8BC9CEB8-8B4A-11D0-8D11-00A0C91BC942}") = "DivisionGame", "DivisionGame\DivisionGame.vcxproj", "{78971394-757D-4B8E-B7AC-8E7714F39D94}"
EndProject
Project("{8BC9CEB8-8B4A-11D0-8D11-00A0C91BC942}") = "DivisionTest", "DivisionTest\DivisionTest.vcxproj", "{210AF0D2-7A71-43CD-A318-932A0B2BBA61}"
EndProject
Global
	GlobalSection(SolutionConfigurationPlatforms) = preSolution
		Debug|x64 = Debug|x64
		Debug|x86 = Debug|x86
		Release|x64 = Release|x64
		Release|x86 = Release|x86
	EndGlobalSection
	GlobalSection(ProjectConfigurationPlatforms) = postSolution
		{106B8291-356B-4ADE-9BB2-A732E7703F9C}.Debug|x64.ActiveCfg = Debug|x64
		{106B8291-356B-4ADE-9BB2-A732E7703F9C}.Debug|x64.Build.0 = Debug|x64
		{106B8291-356B-4ADE-9BB2-A732E7703F9C}.Debug|x86.ActiveCfg = Debug|Win32
		{106B8291-356B-4ADE-9BB2-A732E7703F9C}.Debug|x86.Build.0 = Debug|Win32
		{106B8291-356B-4ADE-9BB2-A732E7703F9C}.Release|x64.ActiveCfg = Release|x64
		{106B8291-356B-4ADE-9BB2-A732E7703F9C}.Release|x64.Build.0 = Release|x64
		{106B8291-356B-4ADE-9BB2-A732E7703F9C}.Release|x86.ActiveCfg = Release|Win32
		{106B8291-356B-4ADE-9BB2-A732E7703F9C}.Release|x86.Build.0 = Release|Win32
		{78971394-757D-4B8E-B7AC-8E7714F39D94}.Debug|x64.ActiveCfg = Debug|x64
		{78971394-757D-4B8E-B7AC-8E7714F39D94}.Debug|x64.Build.0 = Debug|x64
		{78971394-757D-4B8E-B7AC-8E7714F39D94}.Debug|x86.ActiveCfg = Debug|Win32
		{78971394-757D-4B8E-B7AC-8E7714F39D94}.Debug|x86.Build.0 = Debug|Win32
		{78971394-757D-4B8E-B7AC-8E7714F39D94}.Release|x64.ActiveCfg = Release|x64
		{78971394-757D-4B8E-B7AC-8E7714F39D94}.Release|x64.Build.0 = Release|x64
		{78971394-757D-4B8E-B7AC-8E7714F39D94}.Release|x86.ActiveCfg = Release|Win32
		{78971394-757D-4B8E-B7AC-8E7714F39D94}.Release|x86.Build.0 = Release|Win32
		{210AF0D2-7A71-43CD-A318-932A0B2BBA61}.Debug|x64.ActiveCfg = Debug|x64
		{210AF0D2-7A71-43CD-A318-932A0B2BBA61}.Debug|x64.Build.0 = Debug|x64
		{210AF0D2-7A71-43CD-A318-932A0B2BBA61}.Debug|x86.ActiveCfg = Debug|Win32
		{210AF0D2-7A71-43CD-A318-932A0B2BBA61}.Debug|x86.Build.0 = Debug|Win32
		{210AF0D2-7A71-43CD-A318-932A0B2BBA61}.Release|x64.ActiveCfg = Release|x64
		{210AF0D2-7A71-43CD-A318-932A0B2BBA61}.Release|x64.Build.0 = Release|x64
		{210AF0D2-7A71-43CD-A318-932A0B2BBA61}.Release|x86.ActiveCfg = Release|Win32
		{210AF0D2-7A71-43CD-A318-932A0B2BBA61}.Release|x86.Build.0 = Release|Win32
	EndGlobalSection
	GlobalSection(SolutionProperties) = preSolution
		HideSolutionNode = FALSE
	EndGlobalSection
	GlobalSection(ExtensibilityGlobals) = postSolution
		SolutionGuid = {79599535-2FD9-4B5F-B584-4C8B63B12CC6}
	EndGlobalSection
EndGlobal
